
Microsoft Visual Studio Solution File, Format Version 12.00
# Visual Studio Version 17
VisualStudioVersion = 17.11.35327.3
MinimumVisualStudioVersion = 10.0.40219.1
Project("{9A19103F-16F7-4668-BE54-9A1E7A4F7556}") = "MultiSelectorDemo", "MultiSelectorDemo\MultiSelectorDemo.csproj", "{3498E095-B8FE-4998-A4E1-D9EDE9360979}"
EndProject
Global
	GlobalSection(SolutionConfigurationPlatforms) = preSolution
		Debug|Any CPU = Debug|Any CPU
		Release|Any CPU = Release|Any CPU
	EndGlobalSection
	GlobalSection(ProjectConfigurationPlatforms) = postSolution
		{3498E095-B8FE-4998-A4E1-D9EDE9360979}.Debug|Any CPU.ActiveCfg = Debug|Any CPU
		{3498E095-B8FE-4998-A4E1-D9EDE9360979}.Debug|Any CPU.Build.0 = Debug|Any CPU
		{3498E095-B8FE-4998-A4E1-D9EDE9360979}.Release|Any CPU.ActiveCfg = Release|Any CPU
		{3498E095-B8FE-4998-A4E1-D9EDE9360979}.Release|Any CPU.Build.0 = Release|Any CPU
	EndGlobalSection
	GlobalSection(SolutionProperties) = preSolution
		HideSolutionNode = FALSE
	EndGlobalSection
	GlobalSection(ExtensibilityGlobals) = postSolution
		SolutionGuid = {D485F209-F50D-41B0-AB25-9C9291296216}
	EndGlobalSection
EndGlobal
